// !$*UTF8*$!
{
	archiveVersion = 1;
	classes = {
	};
	objectVersion = 46;
	objects = {

/* Begin PBXBuildFile section */
		C82CC1D81DCD25CC00C87B60 /* AppDelegate.swift in Sources */ = {isa = PBXBuildFile; fileRef = C82CC1D71DCD25CC00C87B60 /* AppDelegate.swift */; };
		C82CC1DA1DCD25CC00C87B60 /* ViewController.swift in Sources */ = {isa = PBXBuildFile; fileRef = C82CC1D91DCD25CC00C87B60 /* ViewController.swift */; };
		C82CC1DD1DCD25CC00C87B60 /* Main.storyboard in Resources */ = {isa = PBXBuildFile; fileRef = C82CC1DB1DCD25CC00C87B60 /* Main.storyboard */; };
		C82CC1E01DCD25CC00C87B60 /* Core_Data_Practice_Wenderlich.xcdatamodeld in Sources */ = {isa = PBXBuildFile; fileRef = C82CC1DE1DCD25CC00C87B60 /* Core_Data_Practice_Wenderlich.xcdatamodeld */; };
		C82CC1E21DCD25CC00C87B60 /* Assets.xcassets in Resources */ = {isa = PBXBuildFile; fileRef = C82CC1E11DCD25CC00C87B60 /* Assets.xcassets */; };
		C82CC1E51DCD25CC00C87B60 /* LaunchScreen.storyboard in Resources */ = {isa = PBXBuildFile; fileRef = C82CC1E31DCD25CC00C87B60 /* LaunchScreen.storyboard */; };
/* End PBXBuildFile section */

/* Begin PBXFileReference section */
		C82CC1D41DCD25CC00C87B60 /* Core-Data-Practice-Wenderlich.app */ = {isa = PBXFileReference; explicitFileType = wrapper.application; includeInIndex = 0; path = "Core-Data-Practice-Wenderlich.app"; sourceTree = BUILT_PRODUCTS_DIR; };
		C82CC1D71DCD25CC00C87B60 /* AppDelegate.swift */ = {isa = PBXFileReference; lastKnownFileType = sourcecode.swift; path = AppDelegate.swift; sourceTree = "<group>"; };
		C82CC1D91DCD25CC00C87B60 /* ViewController.swift */ = {isa = PBXFileReference; lastKnownFileType = sourcecode.swift; path = ViewController.swift; sourceTree = "<group>"; };
		C82CC1DC1DCD25CC00C87B60 /* Base */ = {isa = PBXFileReference; lastKnownFileType = file.storyboard; name = Base; path = Base.lproj/Main.storyboard; sourceTree = "<group>"; };
		C82CC1DF1DCD25CC00C87B60 /* Core_Data_Practice_Wenderlich.xcdatamodel */ = {isa = PBXFileReference; lastKnownFileType = wrapper.xcdatamodel; path = Core_Data_Practice_Wenderlich.xcdatamodel; sourceTree = "<group>"; };
		C82CC1E11DCD25CC00C87B60 /* Assets.xcassets */ = {isa = PBXFileReference; lastKnownFileType = folder.assetcatalog; path = Assets.xcassets; sourceTree = "<group>"; };
		C82CC1E41DCD25CC00C87B60 /* Base */ = {isa = PBXFileReference; lastKnownFileType = file.storyboard; name = Base; path = Base.lproj/LaunchScreen.storyboard; sourceTree = "<group>"; };
		C82CC1E61DCD25CC00C87B60 /* Info.plist */ = {isa = PBXFileReference; lastKnownFileType = text.plist.xml; path = Info.plist; sourceTree = "<group>"; };
/* End PBXFileReference section */

/* Begin PBXFrameworksBuildPhase section */
		C82CC1D11DCD25CC00C87B60 /* Frameworks */ = {
			isa = PBXFrameworksBuildPhase;
			buildActionMask = 2147483647;
			files = (
			);
			runOnlyForDeploymentPostprocessing = 0;
		};
/* End PBXFrameworksBuildPhase section */

/* Begin PBXGroup section */
		C82CC1CB1DCD25CC00C87B60 = {
			isa = PBXGroup;
			children = (
				C82CC1D61DCD25CC00C87B60 /* Core-Data-Practice-Wenderlich */,
				C82CC1D51DCD25CC00C87B60 /* Products */,
			);
			sourceTree = "<group>";
		};
		C82CC1D51DCD25CC00C87B60 /* Products */ = {
			isa = PBXGroup;
			children = (
				C82CC1D41DCD25CC00C87B60 /* Core-Data-Practice-Wenderlich.app */,
			);
			name = Products;
			sourceTree = "<group>";
		};
		C82CC1D61DCD25CC00C87B60 /* Core-Data-Practice-Wenderlich */ = {
			isa = PBXGroup;
			children = (
				C82CC1D71DCD25CC00C87B60 /* AppDelegate.swift */,
				C82CC1D91DCD25CC00C87B60 /* ViewController.swift */,
				C82CC1DB1DCD25CC00C87B60 /* Main.storyboard */,
				C82CC1E11DCD25CC00C87B60 /* Assets.xcassets */,
				C82CC1E31DCD25CC00C87B60 /* LaunchScreen.storyboard */,
				C82CC1E61DCD25CC00C87B60 /* Info.plist */,
				C82CC1DE1DCD25CC00C87B60 /* Core_Data_Practice_Wenderlich.xcdatamodeld */,
			);
			path = "Core-Data-Practice-Wenderlich";
			sourceTree = "<group>";
		};
/* End PBXGroup section */

/* Begin PBXNativeTarget section */
		C82CC1D31DCD25CC00C87B60 /* Core-Data-Practice-Wenderlich */ = {
			isa = PBXNativeTarget;
			buildConfigurationList = C82CC1E91DCD25CC00C87B60 /* Build configuration list for PBXNativeTarget "Core-Data-Practice-Wenderlich" */;
			buildPhases = (
				C82CC1D01DCD25CC00C87B60 /* Sources */,
				C82CC1D11DCD25CC00C87B60 /* Frameworks */,
				C82CC1D21DCD25CC00C87B60 /* Resources */,
			);
			buildRules = (
			);
			dependencies = (
			);
			name = "Core-Data-Practice-Wenderlich";
			productName = "Core-Data-Practice-Wenderlich";
			productReference = C82CC1D41DCD25CC00C87B60 /* Core-Data-Practice-Wenderlich.app */;
			productType = "com.apple.product-type.application";
		};
/* End PBXNativeTarget section */

/* Begin PBXProject section */
		C82CC1CC1DCD25CC00C87B60 /* Project object */ = {
			isa = PBXProject;
			attributes = {
				LastSwiftUpdateCheck = 0730;
				LastUpgradeCheck = 0730;
				ORGANIZATIONNAME = alvorithms;
				TargetAttributes = {
					C82CC1D31DCD25CC00C87B60 = {
						CreatedOnToolsVersion = 7.3;
					};
				};
			};
			buildConfigurationList = C82CC1CF1DCD25CC00C87B60 /* Build configuration list for PBXProject "Core-Data-Practice-Wenderlich" */;
			compatibilityVersion = "Xcode 3.2";
			developmentRegion = English;
			hasScannedForEncodings = 0;
			knownRegions = (
				en,
				Base,
			);
			mainGroup = C82CC1CB1DCD25CC00C87B60;
			productRefGroup = C82CC1D51DCD25CC00C87B60 /* Products */;
			projectDirPath = "";
			projectRoot = "";
			targets = (
				C82CC1D31DCD25CC00C87B60 /* Core-Data-Practice-Wenderlich */,
			);
		};
/* End PBXProject section */

/* Begin PBXResourcesBuildPhase section */
		C82CC1D21DCD25CC00C87B60 /* Resources */ = {
			isa = PBXResourcesBuildPhase;
			buildActionMask = 2147483647;
			files = (
				C82CC1E51DCD25CC00C87B60 /* LaunchScreen.storyboard in Resources */,
				C82CC1E21DCD25CC00C87B60 /* Assets.xcassets in Resources */,
				C82CC1DD1DCD25CC00C87B60 /* Main.storyboard in Resources */,
			);
			runOnlyForDeploymentPostprocessing = 0;
		};
/* End PBXResourcesBuildPhase section */

/* Begin PBXSourcesBuildPhase section */
		C82CC1D01DCD25CC00C87B60 /* Sources */ = {
			isa = PBXSourcesBuildPhase;
			buildActionMask = 2147483647;
			files = (
				C82CC1DA1DCD25CC00C87B60 /* ViewController.swift in Sources */,
				C82CC1D81DCD25CC00C87B60 /* AppDelegate.swift in Sources */,
				C82CC1E01DCD25CC00C87B60 /* Core_Data_Practice_Wenderlich.xcdatamodeld in Sources */,
			);
			runOnlyForDeploymentPostprocessing = 0;
		};
/* End PBXSourcesBuildPhase section */

/* Begin PBXVariantGroup section */
		C82CC1DB1DCD25CC00C87B60 /* Main.storyboard */ = {
			isa = PBXVariantGroup;
			children = (
				C82CC1DC1DCD25CC00C87B60 /* Base */,
			);
			name = Main.storyboard;
			sourceTree = "<group>";
		};
		C82CC1E31DCD25CC00C87B60 /* LaunchScreen.storyboard */ = {
			isa = PBXVariantGroup;
			children = (
				C82CC1E41DCD25CC00C87B60 /* Base */,
			);
			name = LaunchScreen.storyboard;
			sourceTree = "<group>";
		};
/* End PBXVariantGroup section */

/* Begin XCBuildConfiguration section */
		C82CC1E71DCD25CC00C87B60 /* Debug */ = {
			isa = XCBuildConfiguration;
			buildSettings = {
				ALWAYS_SEARCH_USER_PATHS = NO;
				CLANG_ANALYZER_NONNULL = YES;
				CLANG_CXX_LANGUAGE_STANDARD = "gnu++0x";
				CLANG_CXX_LIBRARY = "libc++";
				CLANG_ENABLE_MODULES = YES;
				CLANG_ENABLE_OBJC_ARC = YES;
				CLANG_WARN_BOOL_CONVERSION = YES;
				CLANG_WARN_CONSTANT_CONVERSION = YES;
				CLANG_WARN_DIRECT_OBJC_ISA_USAGE = YES_ERROR;
				CLANG_WARN_EMPTY_BODY = YES;
				CLANG_WARN_ENUM_CONVERSION = YES;
				CLANG_WARN_INT_CONVERSION = YES;
				CLANG_WARN_OBJC_ROOT_CLASS = YES_ERROR;
				CLANG_WARN_UNREACHABLE_CODE = YES;
				CLANG_WARN__DUPLICATE_METHOD_MATCH = YES;
				"CODE_SIGN_IDENTITY[sdk=iphoneos*]" = "iPhone Developer";
				COPY_PHASE_STRIP = NO;
				DEBUG_INFORMATION_FORMAT = dwarf;
				ENABLE_STRICT_OBJC_MSGSEND = YES;
				ENABLE_TESTABILITY = YES;
				GCC_C_LANGUAGE_STANDARD = gnu99;
				GCC_DYNAMIC_NO_PIC = NO;
				GCC_NO_COMMON_BLOCKS = YES;
				GCC_OPTIMIZATION_LEVEL = 0;
				GCC_PREPROCESSOR_DEFINITIONS = (
					"DEBUG=1",
					"$(inherited)",
				);
				GCC_WARN_64_TO_32_BIT_CONVERSION = YES;
				GCC_WARN_ABOUT_RETURN_TYPE = YES_ERROR;
				GCC_WARN_UNDECLARED_SELECTOR = YES;
				GCC_WARN_UNINITIALIZED_AUTOS = YES_AGGRESSIVE;
				GCC_WARN_UNUSED_FUNCTION = YES;
				GCC_WARN_UNUSED_VARIABLE = YES;
				IPHONEOS_DEPLOYMENT_TARGET = 9.3;
				MTL_ENABLE_DEBUG_INFO = YES;
				ONLY_ACTIVE_ARCH = YES;
				SDKROOT = iphoneos;
				SWIFT_OPTIMIZATION_LEVEL = "-Onone";
			};
			name = Debug;
		};
		C82CC1E81DCD25CC00C87B60 /* Release */ = {
			isa = XCBuildConfiguration;
			buildSettings = {
				ALWAYS_SEARCH_USER_PATHS = NO;
				CLANG_ANALYZER_NONNULL = YES;
				CLANG_CXX_LANGUAGE_STANDARD = "gnu++0x";
				CLANG_CXX_LIBRARY = "libc++";
				CLANG_ENABLE_MODULES = YES;
				CLANG_ENABLE_OBJC_ARC = YES;
				CLANG_WARN_BOOL_CONVERSION = YES;
				CLANG_WARN_CONSTANT_CONVERSION = YES;
				CLANG_WARN_DIRECT_OBJC_ISA_USAGE = YES_ERROR;
				CLANG_WARN_EMPTY_BODY = YES;
				CLANG_WARN_ENUM_CONVERSION = YES;
				CLANG_WARN_INT_CONVERSION = YES;
				CLANG_WARN_OBJC_ROOT_CLASS = YES_ERROR;
				CLANG_WARN_UNREACHABLE_CODE = YES;
				CLANG_WARN__DUPLICATE_METHOD_MATCH = YES;
				"CODE_SIGN_IDENTITY[sdk=iphoneos*]" = "iPhone Developer";
				COPY_PHASE_STRIP = NO;
				DEBUG_INFORMATION_FORMAT = "dwarf-with-dsym";
				ENABLE_NS_ASSERTIONS = NO;
				ENABLE_STRICT_OBJC_MSGSEND = YES;
				GCC_C_LANGUAGE_STANDARD = gnu99;
				GCC_NO_COMMON_BLOCKS = YES;
				GCC_WARN_64_TO_32_BIT_CONVERSION = YES;
				GCC_WARN_ABOUT_RETURN_TYPE = YES_ERROR;
				GCC_WARN_UNDECLARED_SELECTOR = YES;
				GCC_WARN_UNINITIALIZED_AUTOS = YES_AGGRESSIVE;
				GCC_WARN_UNUSED_FUNCTION = YES;
				GCC_WARN_UNUSED_VARIABLE = YES;
				IPHONEOS_DEPLOYMENT_TARGET = 9.3;
				MTL_ENABLE_DEBUG_INFO = NO;
				SDKROOT = iphoneos;
				VALIDATE_PRODUCT = YES;
			};
			name = Release;
		};
		C82CC1EA1DCD25CC00C87B60 /* Debug */ = {
			isa = XCBuildConfiguration;
			buildSettings = {
				ASSETCATALOG_COMPILER_APPICON_NAME = AppIcon;
				INFOPLIST_FILE = "Core-Data-Practice-Wenderlich/Info.plist";
				LD_RUNPATH_SEARCH_PATHS = "$(inherited) @executable_path/Frameworks";
				PRODUCT_BUNDLE_IDENTIFIER = "com.alvintu.Core-Data-Practice-Wenderlich";
				PRODUCT_NAME = "$(TARGET_NAME)";
			};
			name = Debug;
		};
		C82CC1EB1DCD25CC00C87B60 /* Release */ = {
			isa = XCBuildConfiguration;
			buildSettings = {
				ASSETCATALOG_COMPILER_APPICON_NAME = AppIcon;
				INFOPLIST_FILE = "Core-Data-Practice-Wenderlich/Info.plist";
				LD_RUNPATH_SEARCH_PATHS = "$(inherited) @executable_path/Frameworks";
				PRODUCT_BUNDLE_IDENTIFIER = "com.alvintu.Core-Data-Practice-Wenderlich";
				PRODUCT_NAME = "$(TARGET_NAME)";
			};
			name = Release;
		};
/* End XCBuildConfiguration section */

/* Begin XCConfigurationList section */
		C82CC1CF1DCD25CC00C87B60 /* Build configuration list for PBXProject "Core-Data-Practice-Wenderlich" */ = {
			isa = XCConfigurationList;
			buildConfigurations = (
				C82CC1E71DCD25CC00C87B60 /* Debug */,
				C82CC1E81DCD25CC00C87B60 /* Release */,
			);
			defaultConfigurationIsVisible = 0;
			defaultConfigurationName = Release;
		};
		C82CC1E91DCD25CC00C87B60 /* Build configuration list for PBXNativeTarget "Core-Data-Practice-Wenderlich" */ = {
			isa = XCConfigurationList;
			buildConfigurations = (
				C82CC1EA1DCD25CC00C87B60 /* Debug */,
				C82CC1EB1DCD25CC00C87B60 /* Release */,
			);
			defaultConfigurationIsVisible = 0;
		};
/* End XCConfigurationList section */

/* Begin XCVersionGroup section */
		C82CC1DE1DCD25CC00C87B60 /* Core_Data_Practice_Wenderlich.xcdatamodeld */ = {
			isa = XCVersionGroup;
			children = (
				C82CC1DF1DCD25CC00C87B60 /* Core_Data_Practice_Wenderlich.xcdatamodel */,
			);
			currentVersion = C82CC1DF1DCD25CC00C87B60 /* Core_Data_Practice_Wenderlich.xcdatamodel */;
			path = Core_Data_Practice_Wenderlich.xcdatamodeld;
			sourceTree = "<group>";
			versionGroupType = wrapper.xcdatamodel;
		};
/* End XCVersionGroup section */
	};
	rootObject = C82CC1CC1DCD25CC00C87B60 /* Project object */;
}
